
Microsoft Visual Studio Solution File, Format Version 12.00
# Visual Studio Version 17
VisualStudioVersion = 17.4.33205.214
MinimumVisualStudioVersion = 10.0.40219.1
Project("{FAE04EC0-301F-11D3-BF4B-00C04F79EFBC}") = "PairsGame", "PairsGame\PairsGame.csproj", "{CC6367C7-BDF9-40D2-9AC6-2506A17237DB}"
EndProject
Global
	GlobalSection(SolutionConfigurationPlatforms) = preSolution
		Debug|Any CPU = Debug|Any CPU
		Release|Any CPU = Release|Any CPU
	EndGlobalSection
	GlobalSection(ProjectConfigurationPlatforms) = postSolution
		{CC6367C7-BDF9-40D2-9AC6-2506A17237DB}.Debug|Any CPU.ActiveCfg = Debug|Any CPU
		{CC6367C7-BDF9-40D2-9AC6-2506A17237DB}.Debug|Any CPU.Build.0 = Debug|Any CPU
		{CC6367C7-BDF9-40D2-9AC6-2506A17237DB}.Release|Any CPU.ActiveCfg = Release|Any CPU
		{CC6367C7-BDF9-40D2-9AC6-2506A17237DB}.Release|Any CPU.Build.0 = Release|Any CPU
	EndGlobalSection
	GlobalSection(SolutionProperties) = preSolution
		HideSolutionNode = FALSE
	EndGlobalSection
	GlobalSection(ExtensibilityGlobals) = postSolution
		SolutionGuid = {D460587A-B608-4675-8E07-D9C52766A0FD}
	EndGlobalSection
EndGlobal
